dependencies:
- name: postgresql
  repository: https://charts.bitnami.com/bitnami
  version: 18.7.3
- name: cert-manager
  repository: https://charts.jetstack.io
  version: v1.15.3
- name: traefik
  repository: https://traefik.github.io/charts
  version: 40.2.0
digest: sha256:2ceac9ca0256ef98032512f30092bd34e587635cf4d50ad235e2b3db294101ec
generated: "2026-06-09T12:17:28.643846+01:00"
