dependencies:
- name: postgresql
  repository: https://charts.bitnami.com/bitnami
  version: 16.3.1
- name: cert-manager
  repository: https://charts.jetstack.io
  version: v1.15.3
- name: traefik
  repository: https://traefik.github.io/charts
  version: 40.2.0
digest: sha256:2d7ce83d07f56d70ac496429ccc46a55e86222cb80d93eb260505617ab3f3451
generated: "2026-06-01T23:23:42.927834+01:00"
